{
	"name": "qdb",
	"version": "0.1.0",
	"lockfileVersion": 1,
	"requires": true,
	"dependencies": {
		"accepts": {
			"version": "1.0.3",
			"resolved": "https://registry.npmjs.org/accepts/-/accepts-1.0.3.tgz",
			"integrity": "sha1-krHbDU89tHsFMN9uFa6X21FNwvg=",
			"requires": {
				"mime": "~1.2.11",
				"negotiator": "0.4.6"
			}
		},
		"asn1": {
			"version": "0.2.4",
			"resolved": "https://registry.npmjs.org/asn1/-/asn1-0.2.4.tgz",
			"integrity": "sha512-jxwzQpLQjSmWXgwaCZE9Nz+glAG01yF1QnWgbhGwHI5A6FRIEY6IVqtHhIepHqI7/kyEyQEagBC5mBEFlIYvdg==",
			"requires": {
				"safer-buffer": "~2.1.0"
			}
		},
		"async": {
			"version": "0.9.2",
			"resolved": "https://registry.npmjs.org/async/-/async-0.9.2.tgz",
			"integrity": "sha1-rqdNXmHB+JlhO/ZL2mbUx48v0X0="
		},
		"balanced-match": {
			"version": "0.4.2",
			"resolved": "https://registry.npmjs.org/balanced-match/-/balanced-match-0.4.2.tgz",
			"integrity": "sha1-yz8+PHMtwPAe5wtAPzAuYddwmDg="
		},
		"base64-url": {
			"version": "1.3.3",
			"resolved": "https://registry.npmjs.org/base64-url/-/base64-url-1.3.3.tgz",
			"integrity": "sha1-+LbFN/CaT8WMmcuG4LDpxhRhog8="
		},
		"basic-auth-connect": {
			"version": "1.0.0",
			"resolved": "https://registry.npmjs.org/basic-auth-connect/-/basic-auth-connect-1.0.0.tgz",
			"integrity": "sha1-/bC0OWLKe0BFanwrtI/hc9otISI="
		},
		"batch": {
			"version": "0.5.1",
			"resolved": "https://registry.npmjs.org/batch/-/batch-0.5.1.tgz",
			"integrity": "sha1-NqS6tZTAUP17UHvKDbMMLZKvT/I="
		},
		"bignumber.js": {
			"version": "4.0.4",
			"resolved": "https://registry.npmjs.org/bignumber.js/-/bignumber.js-4.0.4.tgz",
			"integrity": "sha512-LDXpJKVzEx2/OqNbG9mXBNvHuiRL4PzHCGfnANHMJ+fv68Ads3exDVJeGDJws+AoNEuca93bU3q+S0woeUaCdg=="
		},
		"bluebird": {
			"version": "3.5.5",
			"resolved": "https://registry.npmjs.org/bluebird/-/bluebird-3.5.5.tgz",
			"integrity": "sha512-5am6HnnfN+urzt4yfg7IgTbotDjIT/u8AJpEt0sIU9FtXfVeezXAPKswrG+xKUCOYAINpSdgZVDU6QFh+cuH3w=="
		},
		"body-parser": {
			"version": "1.4.3",
			"resolved": "https://registry.npmjs.org/body-parser/-/body-parser-1.4.3.tgz",
			"integrity": "sha1-RyeVLP9K8Hc+76SyJsL0Ei9eI00=",
			"requires": {
				"bytes": "1.0.0",
				"depd": "0.3.0",
				"iconv-lite": "0.4.3",
				"media-typer": "0.2.0",
				"qs": "0.6.6",
				"raw-body": "1.2.2",
				"type-is": "1.3.1"
			}
		},
		"brace-expansion": {
			"version": "1.1.11",
			"resolved": "https://registry.npmjs.org/brace-expansion/-/brace-expansion-1.1.11.tgz",
			"integrity": "sha512-iCuPHDFgrHX7H2vEI/5xpz07zSHB00TpugqhmYtVmMO6518mCuRMoOYFldEBl0g187ufozdaHgWKcYFb61qGiA==",
			"requires": {
				"balanced-match": "^1.0.0",
				"concat-map": "0.0.1"
			},
			"dependencies": {
				"balanced-match": {
					"version": "1.0.0",
					"resolved": "https://registry.npmjs.org/balanced-match/-/balanced-match-1.0.0.tgz",
					"integrity": "sha1-ibTRmasr7kneFk6gK4nORi1xt2c="
				}
			}
		},
		"buffer-crc32": {
			"version": "0.2.3",
			"resolved": "https://registry.npmjs.org/buffer-crc32/-/buffer-crc32-0.2.3.tgz",
			"integrity": "sha1-u1RRnpXRB8vSQA520MqxRnM22SE="
		},
		"bytes": {
			"version": "1.0.0",
			"resolved": "https://registry.npmjs.org/bytes/-/bytes-1.0.0.tgz",
			"integrity": "sha1-NWnt6Lo0MV+rmcPpLLBMciDeH6g="
		},
		"colors": {
			"version": "1.3.3",
			"resolved": "https://registry.npmjs.org/colors/-/colors-1.3.3.tgz",
			"integrity": "sha512-mmGt/1pZqYRjMxB1axhTo16/snVZ5krrKkcmMeVKxzECMMXoCgnvTPp10QgHfcbQZw8Dq2jMNG6je4JlWU0gWg=="
		},
		"commander": {
			"version": "1.3.2",
			"resolved": "https://registry.npmjs.org/commander/-/commander-1.3.2.tgz",
			"integrity": "sha1-io8w7GcKb91kr1LxkUuQfXnq1bU=",
			"requires": {
				"keypress": "0.1.x"
			}
		},
		"compressible": {
			"version": "1.1.0",
			"resolved": "https://registry.npmjs.org/compressible/-/compressible-1.1.0.tgz",
			"integrity": "sha1-Ek2Ke7oYoFpBCi8lutQTsblK/2c="
		},
		"compression": {
			"version": "1.0.7",
			"resolved": "https://registry.npmjs.org/compression/-/compression-1.0.7.tgz",
			"integrity": "sha1-/Ev/Jh3043oTAAby2yqZo0iW9Vo=",
			"requires": {
				"accepts": "1.0.3",
				"bytes": "1.0.0",
				"compressible": "1.1.0",
				"on-headers": "0.0.0",
				"vary": "0.1.0"
			}
		},
		"concat-map": {
			"version": "0.0.1",
			"resolved": "https://registry.npmjs.org/concat-map/-/concat-map-0.0.1.tgz",
			"integrity": "sha1-2Klr13/Wjfd5OnMDajug1UBdR3s="
		},
		"connect": {
			"version": "2.20.2",
			"resolved": "https://registry.npmjs.org/connect/-/connect-2.20.2.tgz",
			"integrity": "sha1-RLxkM0x668IZfFLGh0cUAC0Jd74=",
			"requires": {
				"basic-auth-connect": "1.0.0",
				"body-parser": "1.4.3",
				"bytes": "1.0.0",
				"compression": "1.0.7",
				"connect-timeout": "1.1.1",
				"cookie": "0.1.2",
				"cookie-parser": "1.3.1",
				"cookie-signature": "1.0.3",
				"csurf": "1.2.2",
				"debug": "1.0.2",
				"depd": "0.3.0",
				"errorhandler": "1.1.0",
				"express-session": "1.4.0",
				"finalhandler": "0.0.2",
				"fresh": "0.2.2",
				"media-typer": "0.2.0",
				"method-override": "2.0.2",
				"morgan": "1.1.1",
				"multiparty": "3.2.9",
				"on-headers": "0.0.0",
				"parseurl": "1.0.1",
				"pause": "0.0.1",
				"qs": "0.6.6",
				"response-time": "2.0.0",
				"serve-favicon": "2.0.1",
				"serve-index": "1.1.2",
				"serve-static": "1.2.3",
				"type-is": "1.3.1",
				"vhost": "2.0.0"
			},
			"dependencies": {
				"debug": {
					"version": "1.0.2",
					"resolved": "https://registry.npmjs.org/debug/-/debug-1.0.2.tgz",
					"integrity": "sha1-OElZHBDM5khHbDx8Li40FttZY8Q=",
					"requires": {
						"ms": "0.6.2"
					}
				},
				"ms": {
					"version": "0.6.2",
					"resolved": "https://registry.npmjs.org/ms/-/ms-0.6.2.tgz",
					"integrity": "sha1-2JwhJMb9wTU9Zai3e/GqxLGTcIw="
				}
			}
		},
		"connect-timeout": {
			"version": "1.1.1",
			"resolved": "https://registry.npmjs.org/connect-timeout/-/connect-timeout-1.1.1.tgz",
			"integrity": "sha1-bH4xyY8Kxo620TBfZ/IfWm6Q/QQ=",
			"requires": {
				"debug": "1.0.2",
				"on-headers": "0.0.0"
			},
			"dependencies": {
				"debug": {
					"version": "1.0.2",
					"resolved": "https://registry.npmjs.org/debug/-/debug-1.0.2.tgz",
					"integrity": "sha1-OElZHBDM5khHbDx8Li40FttZY8Q=",
					"requires": {
						"ms": "0.6.2"
					}
				},
				"ms": {
					"version": "0.6.2",
					"resolved": "https://registry.npmjs.org/ms/-/ms-0.6.2.tgz",
					"integrity": "sha1-2JwhJMb9wTU9Zai3e/GqxLGTcIw="
				}
			}
		},
		"cookie": {
			"version": "0.1.2",
			"resolved": "https://registry.npmjs.org/cookie/-/cookie-0.1.2.tgz",
			"integrity": "sha1-cv7D0k5Io0Mgc9kMEmQgBQYQBLE="
		},
		"cookie-parser": {
			"version": "1.3.1",
			"resolved": "https://registry.npmjs.org/cookie-parser/-/cookie-parser-1.3.1.tgz",
			"integrity": "sha1-ML/CkGoESJ1ZvLnjL5DbCOBLtR4=",
			"requires": {
				"cookie": "0.1.2",
				"cookie-signature": "1.0.3"
			}
		},
		"cookie-signature": {
			"version": "1.0.3",
			"resolved": "https://registry.npmjs.org/cookie-signature/-/cookie-signature-1.0.3.tgz",
			"integrity": "sha1-kc2ZfMUftkFZVzjGnNoCAyj1D/k="
		},
		"core-util-is": {
			"version": "1.0.2",
			"resolved": "https://registry.npmjs.org/core-util-is/-/core-util-is-1.0.2.tgz",
			"integrity": "sha1-tf1UIgqivFq1eqtxQMlAdUUDwac="
		},
		"csrf-tokens": {
			"version": "2.0.0",
			"resolved": "https://registry.npmjs.org/csrf-tokens/-/csrf-tokens-2.0.0.tgz",
			"integrity": "sha1-yCEAP7i2rRe8l31v0ahL7cPtYZs=",
			"requires": {
				"base64-url": "1",
				"rndm": "1",
				"scmp": "~0.0.3",
				"uid-safe": "1"
			}
		},
		"csurf": {
			"version": "1.2.2",
			"resolved": "https://registry.npmjs.org/csurf/-/csurf-1.2.2.tgz",
			"integrity": "sha1-Lqny0/LWex4iUykOZ2tiGV3Ld1Y=",
			"requires": {
				"csrf-tokens": "~2.0.0"
			}
		},
		"cycle": {
			"version": "1.0.3",
			"resolved": "https://registry.npmjs.org/cycle/-/cycle-1.0.3.tgz",
			"integrity": "sha1-IegLK+hYD5i0aPN5QwZisEbDStI="
		},
		"db-filters": {
			"version": "github:gmalysa/db-filters#e46c6918b58e8665307a8458a8eecd78516b5953",
			"from": "github:gmalysa/db-filters",
			"requires": {
				"underscore": "1.4.4"
			},
			"dependencies": {
				"underscore": {
					"version": "1.4.4",
					"resolved": "https://registry.npmjs.org/underscore/-/underscore-1.4.4.tgz",
					"integrity": "sha1-YaajIBBiKvoHljvzJSA88SI51gQ="
				}
			}
		},
		"db-migrate": {
			"version": "0.10.7",
			"resolved": "https://registry.npmjs.org/db-migrate/-/db-migrate-0.10.7.tgz",
			"integrity": "sha512-aZlKzRZ5+Ol0j7/ouAIUc6nt1TKsb3vw+zdl9h2tXYOVVz6UCO0QO08fseTNCQ3+2FE4vACs4CLuOYjoaruzkQ==",
			"requires": {
				"balanced-match": "^0.4.2",
				"bluebird": "^3.1.1",
				"db-migrate-shared": "^1.1.2",
				"deep-extend": "^0.5.0",
				"dotenv": "^2.0.0",
				"final-fs": "^1.6.0",
				"inflection": "^1.10.0",
				"mkdirp": "~0.5.0",
				"optimist": "~0.6.1",
				"parse-database-url": "~0.3.0",
				"pkginfo": "^0.4.0",
				"prompt": "^1.0.0",
				"rc": "^1.1.6",
				"resolve": "^1.1.6",
				"semver": "^5.3.0",
				"tunnel-ssh": "^4.0.0"
			}
		},
		"db-migrate-base": {
			"version": "1.6.3",
			"resolved": "https://registry.npmjs.org/db-migrate-base/-/db-migrate-base-1.6.3.tgz",
			"integrity": "sha512-O6Kh72Yh0DfvRAKg9QKzu1KkMwI5iI0dFHO6RmDLvbiYvtRW3faFXJNFwJYeioVBx22QA3AkVFbDIcw4j4QxGw==",
			"requires": {
				"bluebird": "^3.1.1"
			}
		},
		"db-migrate-mysql": {
			"version": "1.1.10",
			"resolved": "https://registry.npmjs.org/db-migrate-mysql/-/db-migrate-mysql-1.1.10.tgz",
			"integrity": "sha1-TB1e8R9ZO1qPHxIkkIO+5xWnzKw=",
			"requires": {
				"bluebird": "^3.2.1",
				"db-migrate-base": "^1.2.5",
				"moment": "^2.11.2",
				"mysql": "^2.10.2"
			}
		},
		"db-migrate-shared": {
			"version": "1.2.0",
			"resolved": "https://registry.npmjs.org/db-migrate-shared/-/db-migrate-shared-1.2.0.tgz",
			"integrity": "sha512-65k86bVeHaMxb2L0Gw3y5V+CgZSRwhVQMwDMydmw5MvIpHHwD6SmBciqIwHsZfzJ9yzV/yYhdRefRM6FV5/siw=="
		},
		"debug": {
			"version": "2.6.9",
			"resolved": "https://registry.npmjs.org/debug/-/debug-2.6.9.tgz",
			"integrity": "sha512-bC7ElrdJaJnPbAP+1EotYvqZsb3ecl5wi6Bfi6BJTUcNowp6cvspg0jXznRTKDjm/E7AdgFBVeAPVMNcKGsHMA==",
			"requires": {
				"ms": "2.0.0"
			}
		},
		"deep-equal": {
			"version": "0.2.2",
			"resolved": "https://registry.npmjs.org/deep-equal/-/deep-equal-0.2.2.tgz",
			"integrity": "sha1-hLdFiW80xoTpjyzg5Cq69Du6AX0="
		},
		"deep-extend": {
			"version": "0.5.1",
			"resolved": "https://registry.npmjs.org/deep-extend/-/deep-extend-0.5.1.tgz",
			"integrity": "sha512-N8vBdOa+DF7zkRrDCsaOXoCs/E2fJfx9B9MrKnnSiHNh4ws7eSys6YQE4KvT1cecKmOASYQBhbKjeuDD9lT81w=="
		},
		"depd": {
			"version": "0.3.0",
			"resolved": "https://registry.npmjs.org/depd/-/depd-0.3.0.tgz",
			"integrity": "sha1-Ecm8KOQlMl+9iziUC+/2n6UyaIM="
		},
		"dotenv": {
			"version": "2.0.0",
			"resolved": "https://registry.npmjs.org/dotenv/-/dotenv-2.0.0.tgz",
			"integrity": "sha1-vXWcNXqqcDZeAclrewvsCKbg2Uk="
		},
		"dustjs-helpers": {
			"version": "1.1.1",
			"resolved": "https://registry.npmjs.org/dustjs-helpers/-/dustjs-helpers-1.1.1.tgz",
			"integrity": "sha1-VkCVM2aSMyjldoEod4UsWhXKnyc="
		},
		"dustjs-linkedin": {
			"version": "1.2.2",
			"resolved": "https://registry.npmjs.org/dustjs-linkedin/-/dustjs-linkedin-1.2.2.tgz",
			"integrity": "sha1-EZMHP6tKak7vyk1XfsVZlQyRCNk="
		},
		"ee-first": {
			"version": "1.0.3",
			"resolved": "https://registry.npmjs.org/ee-first/-/ee-first-1.0.3.tgz",
			"integrity": "sha1-bJjECJq+y1p7hcGsRJqmA9Oz2r4="
		},
		"errorhandler": {
			"version": "1.1.0",
			"resolved": "https://registry.npmjs.org/errorhandler/-/errorhandler-1.1.0.tgz",
			"integrity": "sha1-JzsOuFCtED6abWOpmB2G8bmhIC4=",
			"requires": {
				"accepts": "1.0.3",
				"escape-html": "1.0.1"
			}
		},
		"escape-html": {
			"version": "1.0.1",
			"resolved": "https://registry.npmjs.org/escape-html/-/escape-html-1.0.1.tgz",
			"integrity": "sha1-GBoobq05ejmpKFfPsdQwUuNWv/A="
		},
		"express": {
			"version": "3.11.0",
			"resolved": "https://registry.npmjs.org/express/-/express-3.11.0.tgz",
			"integrity": "sha1-8cjhyZGkRN164zG/t/GkVX/P0u4=",
			"requires": {
				"buffer-crc32": "0.2.3",
				"commander": "1.3.2",
				"connect": "2.20.2",
				"cookie": "0.1.2",
				"cookie-signature": "1.0.3",
				"debug": "1.0.2",
				"depd": "0.3.0",
				"escape-html": "1.0.1",
				"fresh": "0.2.2",
				"merge-descriptors": "0.0.2",
				"methods": "1.0.1",
				"mkdirp": "0.5.0",
				"parseurl": "1.0.1",
				"proxy-addr": "1.0.1",
				"range-parser": "1.0.0",
				"send": "0.4.3",
				"vary": "0.1.0"
			},
			"dependencies": {
				"debug": {
					"version": "1.0.2",
					"resolved": "https://registry.npmjs.org/debug/-/debug-1.0.2.tgz",
					"integrity": "sha1-OElZHBDM5khHbDx8Li40FttZY8Q=",
					"requires": {
						"ms": "0.6.2"
					}
				},
				"mkdirp": {
					"version": "0.5.0",
					"resolved": "https://registry.npmjs.org/mkdirp/-/mkdirp-0.5.0.tgz",
					"integrity": "sha1-HXMHam35hs2TROFecfzAWkyavxI=",
					"requires": {
						"minimist": "0.0.8"
					}
				},
				"ms": {
					"version": "0.6.2",
					"resolved": "https://registry.npmjs.org/ms/-/ms-0.6.2.tgz",
					"integrity": "sha1-2JwhJMb9wTU9Zai3e/GqxLGTcIw="
				}
			}
		},
		"express-session": {
			"version": "1.4.0",
			"resolved": "https://registry.npmjs.org/express-session/-/express-session-1.4.0.tgz",
			"integrity": "sha1-kL+Kk5ocjcAS5KEeTC/DYp98+JQ=",
			"requires": {
				"buffer-crc32": "0.2.3",
				"cookie": "0.1.2",
				"cookie-signature": "1.0.3",
				"debug": "1.0.2",
				"on-headers": "0.0.0",
				"rand-token": "0.2.1",
				"utils-merge": "1.0.0"
			},
			"dependencies": {
				"debug": {
					"version": "1.0.2",
					"resolved": "https://registry.npmjs.org/debug/-/debug-1.0.2.tgz",
					"integrity": "sha1-OElZHBDM5khHbDx8Li40FttZY8Q=",
					"requires": {
						"ms": "0.6.2"
					}
				},
				"ms": {
					"version": "0.6.2",
					"resolved": "https://registry.npmjs.org/ms/-/ms-0.6.2.tgz",
					"integrity": "sha1-2JwhJMb9wTU9Zai3e/GqxLGTcIw="
				}
			}
		},
		"eyes": {
			"version": "0.1.8",
			"resolved": "https://registry.npmjs.org/eyes/-/eyes-0.1.8.tgz",
			"integrity": "sha1-Ys8SAjTGg3hdkCNIqADvPgzCC8A="
		},
		"final-fs": {
			"version": "1.6.1",
			"resolved": "https://registry.npmjs.org/final-fs/-/final-fs-1.6.1.tgz",
			"integrity": "sha1-1tzZLvb+T+jAer1WjHE1YQ7eMjY=",
			"requires": {
				"node-fs": "~0.1.5",
				"when": "~2.0.1"
			}
		},
		"finalhandler": {
			"version": "0.0.2",
			"resolved": "https://registry.npmjs.org/finalhandler/-/finalhandler-0.0.2.tgz",
			"integrity": "sha1-BgPYde6H1WeiZmkoFcyK1E/M7to=",
			"requires": {
				"debug": "1.0.2",
				"escape-html": "1.0.1"
			},
			"dependencies": {
				"debug": {
					"version": "1.0.2",
					"resolved": "https://registry.npmjs.org/debug/-/debug-1.0.2.tgz",
					"integrity": "sha1-OElZHBDM5khHbDx8Li40FttZY8Q=",
					"requires": {
						"ms": "0.6.2"
					}
				},
				"ms": {
					"version": "0.6.2",
					"resolved": "https://registry.npmjs.org/ms/-/ms-0.6.2.tgz",
					"integrity": "sha1-2JwhJMb9wTU9Zai3e/GqxLGTcIw="
				}
			}
		},
		"finished": {
			"version": "1.2.2",
			"resolved": "https://registry.npmjs.org/finished/-/finished-1.2.2.tgz",
			"integrity": "sha1-QWCOr639ZWg7RqEiC8Sx7D2u3Ng=",
			"requires": {
				"ee-first": "1.0.3"
			}
		},
		"flux-link": {
			"version": "github:gmalysa/flux-link#567ac39a1f4a74f85465a58fb6fd96d64b1b765f",
			"from": "github:gmalysa/flux-link"
		},
		"fresh": {
			"version": "0.2.2",
			"resolved": "https://registry.npmjs.org/fresh/-/fresh-0.2.2.tgz",
			"integrity": "sha1-lzHc9WeMf660T7kDxPct9VGH+nc="
		},
		"fs.realpath": {
			"version": "1.0.0",
			"resolved": "https://registry.npmjs.org/fs.realpath/-/fs.realpath-1.0.0.tgz",
			"integrity": "sha1-FQStJSMVjKpA20onh8sBQRmU6k8="
		},
		"glob": {
			"version": "7.1.4",
			"resolved": "https://registry.npmjs.org/glob/-/glob-7.1.4.tgz",
			"integrity": "sha512-hkLPepehmnKk41pUGm3sYxoFs/umurYfYJCerbXEyFIWcAzvpipAgVkBqqT9RBKMGjnq6kMuyYwha6csxbiM1A==",
			"requires": {
				"fs.realpath": "^1.0.0",
				"inflight": "^1.0.4",
				"inherits": "2",
				"minimatch": "^3.0.4",
				"once": "^1.3.0",
				"path-is-absolute": "^1.0.0"
			}
		},
		"i": {
			"version": "0.3.6",
			"resolved": "https://registry.npmjs.org/i/-/i-0.3.6.tgz",
			"integrity": "sha1-2WyScyB28HJxG2sQ/X1PZa2O4j0="
		},
		"iconv-lite": {
			"version": "0.4.3",
			"resolved": "https://registry.npmjs.org/iconv-lite/-/iconv-lite-0.4.3.tgz",
			"integrity": "sha1-nniHeTt2nMaV6yLSVGpP0tebeh4="
		},
		"inflection": {
			"version": "1.12.0",
			"resolved": "https://registry.npmjs.org/inflection/-/inflection-1.12.0.tgz",
			"integrity": "sha1-ogCTVlbW9fa8TcdQLhrstwMihBY="
		},
		"inflight": {
			"version": "1.0.6",
			"resolved": "https://registry.npmjs.org/inflight/-/inflight-1.0.6.tgz",
			"integrity": "sha1-Sb1jMdfQLQwJvJEKEHW6gWW1bfk=",
			"requires": {
				"once": "^1.3.0",
				"wrappy": "1"
			}
		},
		"inherits": {
			"version": "2.0.4",
			"resolved": "https://registry.npmjs.org/inherits/-/inherits-2.0.4.tgz",
			"integrity": "sha512-k/vGaX4/Yla3WzyMCvTQOXYeIHvqOKtnqBduzTHpzpQZzAskKMhZ2K+EnBiSM9zGSoIFeMpXKxa4dYeZIQqewQ=="
		},
		"ini": {
			"version": "1.3.5",
			"resolved": "https://registry.npmjs.org/ini/-/ini-1.3.5.tgz",
			"integrity": "sha512-RZY5huIKCMRWDUqZlEi72f/lmXKMvuszcMBduliQ3nnWbx9X/ZBQO7DijMEYS9EhHBb2qacRUMtC7svLwe0lcw=="
		},
		"ipaddr.js": {
			"version": "0.1.2",
			"resolved": "https://registry.npmjs.org/ipaddr.js/-/ipaddr.js-0.1.2.tgz",
			"integrity": "sha1-ah/T2FT1ACllw017vNm0qNSwRn4="
		},
		"isarray": {
			"version": "1.0.0",
			"resolved": "https://registry.npmjs.org/isarray/-/isarray-1.0.0.tgz",
			"integrity": "sha1-u5NdSFgsuhaMBoNJV6VKPgcSTxE="
		},
		"isstream": {
			"version": "0.1.2",
			"resolved": "https://registry.npmjs.org/isstream/-/isstream-0.1.2.tgz",
			"integrity": "sha1-R+Y/evVa+m+S4VAOaQ64uFKcCZo="
		},
		"keypress": {
			"version": "0.1.0",
			"resolved": "https://registry.npmjs.org/keypress/-/keypress-0.1.0.tgz",
			"integrity": "sha1-SjGI1CkbZrT2XtuZ+AaqmuKTWSo="
		},
		"lodash.defaults": {
			"version": "4.2.0",
			"resolved": "https://registry.npmjs.org/lodash.defaults/-/lodash.defaults-4.2.0.tgz",
			"integrity": "sha1-0JF4cW/+pN3p5ft7N/bwgCJ0WAw="
		},
		"math-captcha": {
			"version": "0.1.1",
			"resolved": "https://registry.npmjs.org/math-captcha/-/math-captcha-0.1.1.tgz",
			"integrity": "sha1-TE8KJSgK00yZ5Ay9rDxJGSfP1jc=",
			"requires": {
				"underscore": ">= 1.4.0"
			}
		},
		"media-typer": {
			"version": "0.2.0",
			"resolved": "https://registry.npmjs.org/media-typer/-/media-typer-0.2.0.tgz",
			"integrity": "sha1-2KBlITrf6qLnYyGitt2jb/YzWYQ="
		},
		"merge-descriptors": {
			"version": "0.0.2",
			"resolved": "https://registry.npmjs.org/merge-descriptors/-/merge-descriptors-0.0.2.tgz",
			"integrity": "sha1-w2pSp4FDdRPFcnXzndnTF1FKyMc="
		},
		"method-override": {
			"version": "2.0.2",
			"resolved": "https://registry.npmjs.org/method-override/-/method-override-2.0.2.tgz",
			"integrity": "sha1-AFMSeMeXiWQL8n6X4mo6Wh98ynM=",
			"requires": {
				"methods": "1.0.1",
				"parseurl": "1.0.1",
				"vary": "0.1.0"
			}
		},
		"methods": {
			"version": "1.0.1",
			"resolved": "https://registry.npmjs.org/methods/-/methods-1.0.1.tgz",
			"integrity": "sha1-dbyRlD3/19oDfPPusO1zoAN80Us="
		},
		"mime": {
			"version": "1.2.11",
			"resolved": "https://registry.npmjs.org/mime/-/mime-1.2.11.tgz",
			"integrity": "sha1-WCA+7Ybjpe8XrtK32evUfwpg3RA="
		},
		"mime-types": {
			"version": "1.0.0",
			"resolved": "https://registry.npmjs.org/mime-types/-/mime-types-1.0.0.tgz",
			"integrity": "sha1-antKavLn2S+Xr+A/BHx4AejwAdI="
		},
		"minimatch": {
			"version": "3.0.4",
			"resolved": "https://registry.npmjs.org/minimatch/-/minimatch-3.0.4.tgz",
			"integrity": "sha512-yJHVQEhyqPLUTgt9B83PXu6W3rx4MvvHvSUvToogpwoGDOUQ+yDrR0HRot+yOCdCO7u4hX3pWft6kWBBcqh0UA==",
			"requires": {
				"brace-expansion": "^1.1.7"
			}
		},
		"minimist": {
			"version": "0.0.8",
			"resolved": "https://registry.npmjs.org/minimist/-/minimist-0.0.8.tgz",
			"integrity": "sha1-hX/Kv8M5fSYluCKCYuhqp6ARsF0="
		},
		"mkdirp": {
			"version": "0.5.1",
			"resolved": "https://registry.npmjs.org/mkdirp/-/mkdirp-0.5.1.tgz",
			"integrity": "sha1-MAV0OOrGz3+MR2fzhkjWaX11yQM=",
			"requires": {
				"minimist": "0.0.8"
			}
		},
		"moment": {
			"version": "2.24.0",
			"resolved": "https://registry.npmjs.org/moment/-/moment-2.24.0.tgz",
			"integrity": "sha512-bV7f+6l2QigeBBZSM/6yTNq4P2fNpSWj/0e7jQcy87A8e7o2nAfP/34/2ky5Vw4B9S446EtIhodAzkFCcR4dQg=="
		},
		"mongodb-uri": {
			"version": "0.9.7",
			"resolved": "https://registry.npmjs.org/mongodb-uri/-/mongodb-uri-0.9.7.tgz",
			"integrity": "sha1-D3ca0W9IOuZfQoeWlCjp+8SqYYE="
		},
		"morgan": {
			"version": "1.1.1",
			"resolved": "https://registry.npmjs.org/morgan/-/morgan-1.1.1.tgz",
			"integrity": "sha1-zeRdLoB+vMQ5dFhG6oA5LmkJgUY=",
			"requires": {
				"bytes": "1.0.0"
			}
		},
		"ms": {
			"version": "2.0.0",
			"resolved": "https://registry.npmjs.org/ms/-/ms-2.0.0.tgz",
			"integrity": "sha1-VgiurfwAvmwpAd9fmGF4jeDVl8g="
		},
		"multiparty": {
			"version": "3.2.9",
			"resolved": "https://registry.npmjs.org/multiparty/-/multiparty-3.2.9.tgz",
			"integrity": "sha1-xzNz6pwBLnd2zlvEDJNiZLa6LB4=",
			"requires": {
				"readable-stream": "~1.1.9",
				"stream-counter": "~0.2.0"
			},
			"dependencies": {
				"isarray": {
					"version": "0.0.1",
					"resolved": "https://registry.npmjs.org/isarray/-/isarray-0.0.1.tgz",
					"integrity": "sha1-ihis/Kmo9Bd+Cav8YDiTmwXR7t8="
				},
				"readable-stream": {
					"version": "1.1.14",
					"resolved": "https://registry.npmjs.org/readable-stream/-/readable-stream-1.1.14.tgz",
					"integrity": "sha1-fPTFTvZI44EwhMY23SB54WbAgdk=",
					"requires": {
						"core-util-is": "~1.0.0",
						"inherits": "~2.0.1",
						"isarray": "0.0.1",
						"string_decoder": "~0.10.x"
					}
				},
				"string_decoder": {
					"version": "0.10.31",
					"resolved": "https://registry.npmjs.org/string_decoder/-/string_decoder-0.10.31.tgz",
					"integrity": "sha1-YuIDvEF2bGwoyfyEMB2rHFMQ+pQ="
				}
			}
		},
		"mute-stream": {
			"version": "0.0.8",
			"resolved": "https://registry.npmjs.org/mute-stream/-/mute-stream-0.0.8.tgz",
			"integrity": "sha512-nnbWWOkoWyUsTjKrhgD0dcz22mdkSnpYqbEjIm2nhwhuxlSkpywJmBo8h0ZqJdkp73mb90SssHkN4rsRaBAfAA=="
		},
		"mysql": {
			"version": "2.15.0",
			"resolved": "https://registry.npmjs.org/mysql/-/mysql-2.15.0.tgz",
			"integrity": "sha512-C7tjzWtbN5nzkLIV+E8Crnl9bFyc7d3XJcBAvHKEVkjrYjogz3llo22q6s/hw+UcsE4/844pDob9ac+3dVjQSA==",
			"requires": {
				"bignumber.js": "4.0.4",
				"readable-stream": "2.3.3",
				"safe-buffer": "5.1.1",
				"sqlstring": "2.3.0"
			}
		},
		"native-or-bluebird": {
			"version": "1.1.2",
			"resolved": "https://registry.npmjs.org/native-or-bluebird/-/native-or-bluebird-1.1.2.tgz",
			"integrity": "sha1-OSHhECMtHreQ89rGG7NwUxx9NW4="
		},
		"ncp": {
			"version": "1.0.1",
			"resolved": "https://registry.npmjs.org/ncp/-/ncp-1.0.1.tgz",
			"integrity": "sha1-0VNn5cuHQyuhF9K/gP30Wuz7QkY="
		},
		"negotiator": {
			"version": "0.4.6",
			"resolved": "https://registry.npmjs.org/negotiator/-/negotiator-0.4.6.tgz",
			"integrity": "sha1-9F+vn6gz7TylElDqmn3fxCZ6RLM="
		},
		"node-fs": {
			"version": "0.1.7",
			"resolved": "https://registry.npmjs.org/node-fs/-/node-fs-0.1.7.tgz",
			"integrity": "sha1-MjI8zLRsn78PwRgS1FAhzDHTJbs="
		},
		"on-headers": {
			"version": "0.0.0",
			"resolved": "https://registry.npmjs.org/on-headers/-/on-headers-0.0.0.tgz",
			"integrity": "sha1-7igX+DRDJXhc2cLfKyQrvBfK9MQ="
		},
		"once": {
			"version": "1.4.0",
			"resolved": "https://registry.npmjs.org/once/-/once-1.4.0.tgz",
			"integrity": "sha1-WDsap3WWHUsROsF9nFC6753Xa9E=",
			"requires": {
				"wrappy": "1"
			}
		},
		"optimist": {
			"version": "0.6.1",
			"resolved": "https://registry.npmjs.org/optimist/-/optimist-0.6.1.tgz",
			"integrity": "sha1-2j6nRob6IaGaERwybpDrFaAZZoY=",
			"requires": {
				"minimist": "~0.0.1",
				"wordwrap": "~0.0.2"
			}
		},
		"parse-database-url": {
			"version": "0.3.0",
			"resolved": "https://registry.npmjs.org/parse-database-url/-/parse-database-url-0.3.0.tgz",
			"integrity": "sha1-NpZmMh6SfJreY838Gqr2+zdFPQ0=",
			"requires": {
				"mongodb-uri": ">= 0.9.7"
			}
		},
		"parseurl": {
			"version": "1.0.1",
			"resolved": "https://registry.npmjs.org/parseurl/-/parseurl-1.0.1.tgz",
			"integrity": "sha1-Llfc5u/dN8NRhwEDCUTCK/OIt7Q="
		},
		"path-is-absolute": {
			"version": "1.0.1",
			"resolved": "https://registry.npmjs.org/path-is-absolute/-/path-is-absolute-1.0.1.tgz",
			"integrity": "sha1-F0uSaHNVNP+8es5r9TpanhtcX18="
		},
		"path-parse": {
			"version": "1.0.6",
			"resolved": "https://registry.npmjs.org/path-parse/-/path-parse-1.0.6.tgz",
			"integrity": "sha512-GSmOT2EbHrINBf9SR7CDELwlJ8AENk3Qn7OikK4nFYAu3Ote2+JYNVvkpAEQm3/TLNEJFD/xZJjzyxg3KBWOzw=="
		},
		"pause": {
			"version": "0.0.1",
			"resolved": "https://registry.npmjs.org/pause/-/pause-0.0.1.tgz",
			"integrity": "sha1-HUCLP9t2kjuVQ9lvtMnf1TXZy10="
		},
		"pkginfo": {
			"version": "0.4.1",
			"resolved": "https://registry.npmjs.org/pkginfo/-/pkginfo-0.4.1.tgz",
			"integrity": "sha1-tUGO8EOd5UJfxJlQQtztFPsqhP8="
		},
		"process-nextick-args": {
			"version": "1.0.7",
			"resolved": "https://registry.npmjs.org/process-nextick-args/-/process-nextick-args-1.0.7.tgz",
			"integrity": "sha1-FQ4gt1ZZCtP5EJPyWk8q2L/zC6M="
		},
		"prompt": {
			"version": "1.0.0",
			"resolved": "https://registry.npmjs.org/prompt/-/prompt-1.0.0.tgz",
			"integrity": "sha1-jlcSPDlquYiJf7Mn/Trtw+c15P4=",
			"requires": {
				"colors": "^1.1.2",
				"pkginfo": "0.x.x",
				"read": "1.0.x",
				"revalidator": "0.1.x",
				"utile": "0.3.x",
				"winston": "2.1.x"
			}
		},
		"proxy-addr": {
			"version": "1.0.1",
			"resolved": "https://registry.npmjs.org/proxy-addr/-/proxy-addr-1.0.1.tgz",
			"integrity": "sha1-x8Vm1etOP61n7rnHfFVYzMObiKg=",
			"requires": {
				"ipaddr.js": "0.1.2"
			}
		},
		"qs": {
			"version": "0.6.6",
			"resolved": "https://registry.npmjs.org/qs/-/qs-0.6.6.tgz",
			"integrity": "sha1-bgFQmP9RlouKPIGQAdXyyJvEsQc="
		},
		"rand-token": {
			"version": "0.2.1",
			"resolved": "https://registry.npmjs.org/rand-token/-/rand-token-0.2.1.tgz",
			"integrity": "sha1-3GfIEjMGyRInstw/W+pz0wE3YiY="
		},
		"range-parser": {
			"version": "1.0.0",
			"resolved": "https://registry.npmjs.org/range-parser/-/range-parser-1.0.0.tgz",
			"integrity": "sha1-pLJkz+C+XONqvjdlrJwqJIdG28A="
		},
		"raw-body": {
			"version": "1.2.2",
			"resolved": "https://registry.npmjs.org/raw-body/-/raw-body-1.2.2.tgz",
			"integrity": "sha1-DGjh7ijP7X26SCIjSuxgeEYcvB8=",
			"requires": {
				"bytes": "1",
				"iconv-lite": "0.4.3"
			}
		},
		"rc": {
			"version": "1.2.8",
			"resolved": "https://registry.npmjs.org/rc/-/rc-1.2.8.tgz",
			"integrity": "sha512-y3bGgqKj3QBdxLbLkomlohkvsA8gdAiUQlSBJnBhfn+BPxg4bc62d8TcBW15wavDfgexCgccckhcZvywyQYPOw==",
			"requires": {
				"deep-extend": "^0.6.0",
				"ini": "~1.3.0",
				"minimist": "^1.2.0",
				"strip-json-comments": "~2.0.1"
			},
			"dependencies": {
				"deep-extend": {
					"version": "0.6.0",
					"resolved": "https://registry.npmjs.org/deep-extend/-/deep-extend-0.6.0.tgz",
					"integrity": "sha512-LOHxIOaPYdHlJRtCQfDIVZtfw/ufM8+rVj649RIHzcm/vGwQRXFt6OPqIFWsm2XEMrNIEtWR64sY1LEKD2vAOA=="
				},
				"minimist": {
					"version": "1.2.0",
					"resolved": "https://registry.npmjs.org/minimist/-/minimist-1.2.0.tgz",
					"integrity": "sha1-o1AIsg9BOD7sH7kU9M1d95omQoQ="
				}
			}
		},
		"read": {
			"version": "1.0.7",
			"resolved": "https://registry.npmjs.org/read/-/read-1.0.7.tgz",
			"integrity": "sha1-s9oZvQUkMal2cdRKQmNK33ELQMQ=",
			"requires": {
				"mute-stream": "~0.0.4"
			}
		},
		"readable-stream": {
			"version": "2.3.3",
			"resolved": "https://registry.npmjs.org/readable-stream/-/readable-stream-2.3.3.tgz",
			"integrity": "sha512-m+qzzcn7KUxEmd1gMbchF+Y2eIUbieUaxkWtptyHywrX0rE8QEYqPC07Vuy4Wm32/xE16NcdBctb8S0Xe/5IeQ==",
			"requires": {
				"core-util-is": "~1.0.0",
				"inherits": "~2.0.3",
				"isarray": "~1.0.0",
				"process-nextick-args": "~1.0.6",
				"safe-buffer": "~5.1.1",
				"string_decoder": "~1.0.3",
				"util-deprecate": "~1.0.1"
			}
		},
		"resolve": {
			"version": "1.12.0",
			"resolved": "https://registry.npmjs.org/resolve/-/resolve-1.12.0.tgz",
			"integrity": "sha512-B/dOmuoAik5bKcD6s6nXDCjzUKnaDvdkRyAk6rsmsKLipWj4797iothd7jmmUhWTfinVMU+wc56rYKsit2Qy4w==",
			"requires": {
				"path-parse": "^1.0.6"
			}
		},
		"response-time": {
			"version": "2.0.0",
			"resolved": "https://registry.npmjs.org/response-time/-/response-time-2.0.0.tgz",
			"integrity": "sha1-Zcs5/VDeL0/9vdKF8YVZZr1vyzY=",
			"requires": {
				"on-headers": "0.0.0"
			}
		},
		"revalidator": {
			"version": "0.1.8",
			"resolved": "https://registry.npmjs.org/revalidator/-/revalidator-0.1.8.tgz",
			"integrity": "sha1-/s5hv6DBtSoga9axgZgYS91SOjs="
		},
		"rimraf": {
			"version": "2.7.1",
			"resolved": "https://registry.npmjs.org/rimraf/-/rimraf-2.7.1.tgz",
			"integrity": "sha512-uWjbaKIK3T1OSVptzX7Nl6PvQ3qAGtKEtVRjRuazjfL3Bx5eI409VZSqgND+4UNnmzLVdPj9FqFJNPqBZFve4w==",
			"requires": {
				"glob": "^7.1.3"
			}
		},
		"rndm": {
			"version": "1.2.0",
			"resolved": "https://registry.npmjs.org/rndm/-/rndm-1.2.0.tgz",
			"integrity": "sha1-8z/pz7Urv9UgqhgyO8ZdsRCht2w="
		},
		"safe-buffer": {
			"version": "5.1.1",
			"resolved": "https://registry.npmjs.org/safe-buffer/-/safe-buffer-5.1.1.tgz",
			"integrity": "sha512-kKvNJn6Mm93gAczWVJg7wH+wGYWNrDHdWvpUmHyEsgCtIwwo3bqPtV4tR5tuPaUhTOo/kvhVwd8XwwOllGYkbg=="
		},
		"safer-buffer": {
			"version": "2.1.2",
			"resolved": "https://registry.npmjs.org/safer-buffer/-/safer-buffer-2.1.2.tgz",
			"integrity": "sha512-YZo3K82SD7Riyi0E1EQPojLz7kpepnSQI9IyPbHHg1XXXevb5dJI7tpyN2ADxGcQbHG7vcyRHk0cbwqcQriUtg=="
		},
		"scmp": {
			"version": "0.0.3",
			"resolved": "https://registry.npmjs.org/scmp/-/scmp-0.0.3.tgz",
			"integrity": "sha1-NkjfLXKUZB5/eGc//CloHZutkHM="
		},
		"semver": {
			"version": "5.7.1",
			"resolved": "https://registry.npmjs.org/semver/-/semver-5.7.1.tgz",
			"integrity": "sha512-sauaDf/PZdVgrLTNYHRtpXa1iRiKcaebiKQ1BJdpQlWH2lCvexQdX55snPFyK7QzpudqbCI0qXFfOasHdyNDGQ=="
		},
		"send": {
			"version": "0.4.3",
			"resolved": "https://registry.npmjs.org/send/-/send-0.4.3.tgz",
			"integrity": "sha1-lieyO3cH+/Y3ODHKxXkzMLWUtkA=",
			"requires": {
				"debug": "1.0.2",
				"escape-html": "1.0.1",
				"finished": "1.2.2",
				"fresh": "0.2.2",
				"mime": "1.2.11",
				"range-parser": "~1.0.0"
			},
			"dependencies": {
				"debug": {
					"version": "1.0.2",
					"resolved": "https://registry.npmjs.org/debug/-/debug-1.0.2.tgz",
					"integrity": "sha1-OElZHBDM5khHbDx8Li40FttZY8Q=",
					"requires": {
						"ms": "0.6.2"
					}
				},
				"ms": {
					"version": "0.6.2",
					"resolved": "https://registry.npmjs.org/ms/-/ms-0.6.2.tgz",
					"integrity": "sha1-2JwhJMb9wTU9Zai3e/GqxLGTcIw="
				}
			}
		},
		"serve-favicon": {
			"version": "2.0.1",
			"resolved": "https://registry.npmjs.org/serve-favicon/-/serve-favicon-2.0.1.tgz",
			"integrity": "sha1-SCaXXZ8XPKOkFY6WmBYfdd7Hr+w=",
			"requires": {
				"fresh": "0.2.2"
			}
		},
		"serve-index": {
			"version": "1.1.2",
			"resolved": "https://registry.npmjs.org/serve-index/-/serve-index-1.1.2.tgz",
			"integrity": "sha1-B0K0gJmCV1OcLSrMbKH0qvJn+XI=",
			"requires": {
				"accepts": "1.0.3",
				"batch": "0.5.1"
			}
		},
		"serve-static": {
			"version": "1.2.3",
			"resolved": "https://registry.npmjs.org/serve-static/-/serve-static-1.2.3.tgz",
			"integrity": "sha1-k87Lw0Dweey4WJKB0dwxwmwM0Vg=",
			"requires": {
				"escape-html": "1.0.1",
				"parseurl": "1.0.1",
				"send": "0.4.3"
			}
		},
		"spyglass": {
			"version": "1.0.1",
			"resolved": "https://registry.npmjs.org/spyglass/-/spyglass-1.0.1.tgz",
			"integrity": "sha1-u1Wnp10mVto+8YxIJRKBQQ/Dmxg=",
			"requires": {
				"colors": "*",
				"underscore": ">= 1.4.0"
			}
		},
		"sqlstring": {
			"version": "2.3.0",
			"resolved": "https://registry.npmjs.org/sqlstring/-/sqlstring-2.3.0.tgz",
			"integrity": "sha1-UluKT9Jtb3GqYegipsr5dtMa0qg="
		},
		"ssh2": {
			"version": "0.5.4",
			"resolved": "https://registry.npmjs.org/ssh2/-/ssh2-0.5.4.tgz",
			"integrity": "sha1-G/a2soyW6u8mf01sRqWiUXpZnic=",
			"requires": {
				"ssh2-streams": "~0.1.15"
			}
		},
		"ssh2-streams": {
			"version": "0.1.20",
			"resolved": "https://registry.npmjs.org/ssh2-streams/-/ssh2-streams-0.1.20.tgz",
			"integrity": "sha1-URGNFUVV31Rp7h9n4M8efoosDjo=",
			"requires": {
				"asn1": "~0.2.0",
				"semver": "^5.1.0",
				"streamsearch": "~0.1.2"
			}
		},
		"stack-trace": {
			"version": "0.0.10",
			"resolved": "https://registry.npmjs.org/stack-trace/-/stack-trace-0.0.10.tgz",
			"integrity": "sha1-VHxws0fo0ytOEI6hoqFZ5f3eGcA="
		},
		"stream-counter": {
			"version": "0.2.0",
			"resolved": "https://registry.npmjs.org/stream-counter/-/stream-counter-0.2.0.tgz",
			"integrity": "sha1-3tJmVWMZyLDiIoErnPOyb6fZR94=",
			"requires": {
				"readable-stream": "~1.1.8"
			},
			"dependencies": {
				"isarray": {
					"version": "0.0.1",
					"resolved": "https://registry.npmjs.org/isarray/-/isarray-0.0.1.tgz",
					"integrity": "sha1-ihis/Kmo9Bd+Cav8YDiTmwXR7t8="
				},
				"readable-stream": {
					"version": "1.1.14",
					"resolved": "https://registry.npmjs.org/readable-stream/-/readable-stream-1.1.14.tgz",
					"integrity": "sha1-fPTFTvZI44EwhMY23SB54WbAgdk=",
					"requires": {
						"core-util-is": "~1.0.0",
						"inherits": "~2.0.1",
						"isarray": "0.0.1",
						"string_decoder": "~0.10.x"
					}
				},
				"string_decoder": {
					"version": "0.10.31",
					"resolved": "https://registry.npmjs.org/string_decoder/-/string_decoder-0.10.31.tgz",
					"integrity": "sha1-YuIDvEF2bGwoyfyEMB2rHFMQ+pQ="
				}
			}
		},
		"streamsearch": {
			"version": "0.1.2",
			"resolved": "https://registry.npmjs.org/streamsearch/-/streamsearch-0.1.2.tgz",
			"integrity": "sha1-gIudDlb8Jz2Am6VzOOkpkZoanxo="
		},
		"string_decoder": {
			"version": "1.0.3",
			"resolved": "https://registry.npmjs.org/string_decoder/-/string_decoder-1.0.3.tgz",
			"integrity": "sha512-4AH6Z5fzNNBcH+6XDMfA/BTt87skxqJlO0lAh3Dker5zThcAxG6mKz+iGu308UKoPPQ8Dcqx/4JhujzltRa+hQ==",
			"requires": {
				"safe-buffer": "~5.1.0"
			}
		},
		"strip-json-comments": {
			"version": "2.0.1",
			"resolved": "https://registry.npmjs.org/strip-json-comments/-/strip-json-comments-2.0.1.tgz",
			"integrity": "sha1-PFMZQukIwml8DsNEhYwobHygpgo="
		},
		"tunnel-ssh": {
			"version": "4.1.4",
			"resolved": "https://registry.npmjs.org/tunnel-ssh/-/tunnel-ssh-4.1.4.tgz",
			"integrity": "sha512-CjBqboGvAbM7iXSX2F95kzoI+c2J81YkrHbyyo4SWNKCzU6w5LfEvXBCHu6PPriYaNvfhMKzD8bFf5Vl14YTtg==",
			"requires": {
				"debug": "2.6.9",
				"lodash.defaults": "^4.1.0",
				"ssh2": "0.5.4"
			}
		},
		"type-is": {
			"version": "1.3.1",
			"resolved": "https://registry.npmjs.org/type-is/-/type-is-1.3.1.tgz",
			"integrity": "sha1-pnibWlITgomt4e+PbZ8odP/XC2s=",
			"requires": {
				"media-typer": "0.2.0",
				"mime-types": "1.0.0"
			}
		},
		"uid-safe": {
			"version": "1.1.0",
			"resolved": "https://registry.npmjs.org/uid-safe/-/uid-safe-1.1.0.tgz",
			"integrity": "sha1-WNbF2r+N+9jVKDSDmAbAP9YUMjI=",
			"requires": {
				"base64-url": "1.2.1",
				"native-or-bluebird": "~1.1.2"
			},
			"dependencies": {
				"base64-url": {
					"version": "1.2.1",
					"resolved": "https://registry.npmjs.org/base64-url/-/base64-url-1.2.1.tgz",
					"integrity": "sha1-GZ/WYXAqDnt9yubgaYuwicUvbXg="
				}
			}
		},
		"underscore": {
			"version": "1.9.1",
			"resolved": "https://registry.npmjs.org/underscore/-/underscore-1.9.1.tgz",
			"integrity": "sha512-5/4etnCkd9c8gwgowi5/om/mYO5ajCaOgdzj/oW+0eQV9WxKBDZw5+ycmKmeaTXjInS/W0BzpGLo2xR2aBwZdg=="
		},
		"util-deprecate": {
			"version": "1.0.2",
			"resolved": "https://registry.npmjs.org/util-deprecate/-/util-deprecate-1.0.2.tgz",
			"integrity": "sha1-RQ1Nyfpw3nMnYvvS1KKJgUGaDM8="
		},
		"utile": {
			"version": "0.3.0",
			"resolved": "https://registry.npmjs.org/utile/-/utile-0.3.0.tgz",
			"integrity": "sha1-E1LDQOuCDk2N26A5pPv6oy7U7zo=",
			"requires": {
				"async": "~0.9.0",
				"deep-equal": "~0.2.1",
				"i": "0.3.x",
				"mkdirp": "0.x.x",
				"ncp": "1.0.x",
				"rimraf": "2.x.x"
			}
		},
		"utils-merge": {
			"version": "1.0.0",
			"resolved": "https://registry.npmjs.org/utils-merge/-/utils-merge-1.0.0.tgz",
			"integrity": "sha1-ApT7kiu5N1FTVBxPcJYjHyh8ivg="
		},
		"vary": {
			"version": "0.1.0",
			"resolved": "https://registry.npmjs.org/vary/-/vary-0.1.0.tgz",
			"integrity": "sha1-3wlFiZ6TwMxb0YzIMh2dIedPYXY="
		},
		"vhost": {
			"version": "2.0.0",
			"resolved": "https://registry.npmjs.org/vhost/-/vhost-2.0.0.tgz",
			"integrity": "sha1-HiZ3C9D86GxAlFWR5vKExokXkeI="
		},
		"when": {
			"version": "2.0.1",
			"resolved": "https://registry.npmjs.org/when/-/when-2.0.1.tgz",
			"integrity": "sha1-jYcv4V5oQkyRtLck6EjggH2rZkI="
		},
		"winston": {
			"version": "2.1.1",
			"resolved": "https://registry.npmjs.org/winston/-/winston-2.1.1.tgz",
			"integrity": "sha1-PJNJ0ZYgf9G9/51LxD73JRDjoS4=",
			"requires": {
				"async": "~1.0.0",
				"colors": "1.0.x",
				"cycle": "1.0.x",
				"eyes": "0.1.x",
				"isstream": "0.1.x",
				"pkginfo": "0.3.x",
				"stack-trace": "0.0.x"
			},
			"dependencies": {
				"async": {
					"version": "1.0.0",
					"resolved": "https://registry.npmjs.org/async/-/async-1.0.0.tgz",
					"integrity": "sha1-+PwEyjoTeErenhZBr5hXjPvWR6k="
				},
				"colors": {
					"version": "1.0.3",
					"resolved": "https://registry.npmjs.org/colors/-/colors-1.0.3.tgz",
					"integrity": "sha1-BDP0TYCWgP3rYO0mDxsMJi6CpAs="
				},
				"pkginfo": {
					"version": "0.3.1",
					"resolved": "https://registry.npmjs.org/pkginfo/-/pkginfo-0.3.1.tgz",
					"integrity": "sha1-Wyn2qB9wcXFC4J52W76rl7T4HiE="
				}
			}
		},
		"wordwrap": {
			"version": "0.0.3",
			"resolved": "https://registry.npmjs.org/wordwrap/-/wordwrap-0.0.3.tgz",
			"integrity": "sha1-o9XabNXAvAAI03I0u68b7WMFkQc="
		},
		"wrappy": {
			"version": "1.0.2",
			"resolved": "https://registry.npmjs.org/wrappy/-/wrappy-1.0.2.tgz",
			"integrity": "sha1-tSQ9jz7BqjXxNkYFvA0QNuMKtp8="
		}
	}
}
